// !$*UTF8*$!
{
	archiveVersion = 1;
	classes = {
	};
	objectVersion = 46;
	objects = {

/* Begin PBXBuildFile section */
		D417671F1D8A69450033A872 /* DockerPS.sh in Resources */ = {isa = PBXBuildFile; fileRef = D417671E1D8A69450033A872 /* DockerPS.sh */; };
		D41767211D8A6BB00033A872 /* DockerPS.command in Resources */ = {isa = PBXBuildFile; fileRef = D41767201D8A6BB00033A872 /* DockerPS.command */; };
		D464171F1D8B9BF1002514E0 /* Containers.swift in Sources */ = {isa = PBXBuildFile; fileRef = D464171E1D8B9BF1002514E0 /* Containers.swift */; };
		D481D3E11D893B4400B8523F /* AppDelegate.swift in Sources */ = {isa = PBXBuildFile; fileRef = D481D3E01D893B4400B8523F /* AppDelegate.swift */; };
		D481D3E31D893B4400B8523F /* ViewController.swift in Sources */ = {isa = PBXBuildFile; fileRef = D481D3E21D893B4400B8523F /* ViewController.swift */; };
		D481D3E51D893B4400B8523F /* Assets.xcassets in Resources */ = {isa = PBXBuildFile; fileRef = D481D3E41D893B4400B8523F /* Assets.xcassets */; };
		D481D3E81D893B4400B8523F /* Main.storyboard in Resources */ = {isa = PBXBuildFile; fileRef = D481D3E61D893B4400B8523F /* Main.storyboard */; };
		D481D3F01D89692900B8523F /* Projects.swift in Sources */ = {isa = PBXBuildFile; fileRef = D481D3EF1D89692900B8523F /* Projects.swift */; };
/* End PBXBuildFile section */

/* Begin PBXFileReference section */
		D417671E1D8A69450033A872 /* DockerPS.sh */ = {isa = PBXFileReference; fileEncoding = 4; lastKnownFileType = text.script.sh; path = DockerPS.sh; sourceTree = "<group>"; };
		D41767201D8A6BB00033A872 /* DockerPS.command */ = {isa = PBXFileReference; fileEncoding = 4; lastKnownFileType = text.script.sh; path = DockerPS.command; sourceTree = "<group>"; };
		D464171E1D8B9BF1002514E0 /* Containers.swift */ = {isa = PBXFileReference; fileEncoding = 4; lastKnownFileType = sourcecode.swift; path = Containers.swift; sourceTree = "<group>"; };
		D481D3DD1D893B4400B8523F /* deploymentMonster.app */ = {isa = PBXFileReference; explicitFileType = wrapper.application; includeInIndex = 0; path = deploymentMonster.app; sourceTree = BUILT_PRODUCTS_DIR; };
		D481D3E01D893B4400B8523F /* AppDelegate.swift */ = {isa = PBXFileReference; lastKnownFileType = sourcecode.swift; path = AppDelegate.swift; sourceTree = "<group>"; };
		D481D3E21D893B4400B8523F /* ViewController.swift */ = {isa = PBXFileReference; lastKnownFileType = sourcecode.swift; path = ViewController.swift; sourceTree = "<group>"; };
		D481D3E41D893B4400B8523F /* Assets.xcassets */ = {isa = PBXFileReference; lastKnownFileType = folder.assetcatalog; path = Assets.xcassets; sourceTree = "<group>"; };
		D481D3E71D893B4400B8523F /* Base */ = {isa = PBXFileReference; lastKnownFileType = file.storyboard; name = Base; path = Base.lproj/Main.storyboard; sourceTree = "<group>"; };
		D481D3E91D893B4400B8523F /* Info.plist */ = {isa = PBXFileReference; lastKnownFileType = text.plist.xml; path = Info.plist; sourceTree = "<group>"; };
		D481D3EF1D89692900B8523F /* Projects.swift */ = {isa = PBXFileReference; fileEncoding = 4; lastKnownFileType = sourcecode.swift; path = Projects.swift; sourceTree = "<group>"; };
/* End PBXFileReference section */

/* Begin PBXFrameworksBuildPhase section */
		D481D3DA1D893B4400B8523F /* Frameworks */ = {
			isa = PBXFrameworksBuildPhase;
			buildActionMask = 2147483647;
			files = (
			);
			runOnlyForDeploymentPostprocessing = 0;
		};
/* End PBXFrameworksBuildPhase section */

/* Begin PBXGroup section */
		D417671D1D8A69010033A872 /* Supporting Files */ = {
			isa = PBXGroup;
			children = (
				D417671E1D8A69450033A872 /* DockerPS.sh */,
				D41767201D8A6BB00033A872 /* DockerPS.command */,
			);
			name = "Supporting Files";
			sourceTree = "<group>";
		};
		D481D3D41D893B4400B8523F = {
			isa = PBXGroup;
			children = (
				D481D3DF1D893B4400B8523F /* deploymentMonster */,
				D481D3DE1D893B4400B8523F /* Products */,
			);
			sourceTree = "<group>";
		};
		D481D3DE1D893B4400B8523F /* Products */ = {
			isa = PBXGroup;
			children = (
				D481D3DD1D893B4400B8523F /* deploymentMonster.app */,
			);
			name = Products;
			sourceTree = "<group>";
		};
		D481D3DF1D893B4400B8523F /* deploymentMonster */ = {
			isa = PBXGroup;
			children = (
				D481D3E01D893B4400B8523F /* AppDelegate.swift */,
				D481D3E21D893B4400B8523F /* ViewController.swift */,
				D481D3E41D893B4400B8523F /* Assets.xcassets */,
				D481D3E61D893B4400B8523F /* Main.storyboard */,
				D481D3E91D893B4400B8523F /* Info.plist */,
				D464171E1D8B9BF1002514E0 /* Containers.swift */,
				D481D3EF1D89692900B8523F /* Projects.swift */,
				D417671D1D8A69010033A872 /* Supporting Files */,
			);
			path = deploymentMonster;
			sourceTree = "<group>";
		};
/* End PBXGroup section */

/* Begin PBXNativeTarget section */
		D481D3DC1D893B4400B8523F /* deploymentMonster */ = {
			isa = PBXNativeTarget;
			buildConfigurationList = D481D3EC1D893B4400B8523F /* Build configuration list for PBXNativeTarget "deploymentMonster" */;
			buildPhases = (
				D481D3D91D893B4400B8523F /* Sources */,
				D481D3DA1D893B4400B8523F /* Frameworks */,
				D481D3DB1D893B4400B8523F /* Resources */,
			);
			buildRules = (
			);
			dependencies = (
			);
			name = deploymentMonster;
			productName = deploymentMonster;
			productReference = D481D3DD1D893B4400B8523F /* deploymentMonster.app */;
			productType = "com.apple.product-type.application";
		};
/* End PBXNativeTarget section */

/* Begin PBXProject section */
		D481D3D51D893B4400B8523F /* Project object */ = {
			isa = PBXProject;
			attributes = {
				LastSwiftUpdateCheck = 0730;
				LastUpgradeCheck = 0730;
				ORGANIZATIONNAME = "Philip Callender";
				TargetAttributes = {
					D481D3DC1D893B4400B8523F = {
						CreatedOnToolsVersion = 7.3.1;
					};
				};
			};
			buildConfigurationList = D481D3D81D893B4400B8523F /* Build configuration list for PBXProject "deploymentMonster" */;
			compatibilityVersion = "Xcode 3.2";
			developmentRegion = English;
			hasScannedForEncodings = 0;
			knownRegions = (
				en,
				Base,
			);
			mainGroup = D481D3D41D893B4400B8523F;
			productRefGroup = D481D3DE1D893B4400B8523F /* Products */;
			projectDirPath = "";
			projectRoot = "";
			targets = (
				D481D3DC1D893B4400B8523F /* deploymentMonster */,
			);
		};
/* End PBXProject section */

/* Begin PBXResourcesBuildPhase section */
		D481D3DB1D893B4400B8523F /* Resources */ = {
			isa = PBXResourcesBuildPhase;
			buildActionMask = 2147483647;
			files = (
				D41767211D8A6BB00033A872 /* DockerPS.command in Resources */,
				D481D3E51D893B4400B8523F /* Assets.xcassets in Resources */,
				D417671F1D8A69450033A872 /* DockerPS.sh in Resources */,
				D481D3E81D893B4400B8523F /* Main.storyboard in Resources */,
			);
			runOnlyForDeploymentPostprocessing = 0;
		};
/* End PBXResourcesBuildPhase section */

/* Begin PBXSourcesBuildPhase section */
		D481D3D91D893B4400B8523F /* Sources */ = {
			isa = PBXSourcesBuildPhase;
			buildActionMask = 2147483647;
			files = (
				D481D3F01D89692900B8523F /* Projects.swift in Sources */,
				D464171F1D8B9BF1002514E0 /* Containers.swift in Sources */,
				D481D3E31D893B4400B8523F /* ViewController.swift in Sources */,
				D481D3E11D893B4400B8523F /* AppDelegate.swift in Sources */,
			);
			runOnlyForDeploymentPostprocessing = 0;
		};
/* End PBXSourcesBuildPhase section */

/* Begin PBXVariantGroup section */
		D481D3E61D893B4400B8523F /* Main.storyboard */ = {
			isa = PBXVariantGroup;
			children = (
				D481D3E71D893B4400B8523F /* Base */,
			);
			name = Main.storyboard;
			sourceTree = "<group>";
		};
/* End PBXVariantGroup section */

/* Begin XCBuildConfiguration section */
		D481D3EA1D893B4400B8523F /* Debug */ = {
			isa = XCBuildConfiguration;
			buildSettings = {
				ALWAYS_SEARCH_USER_PATHS = NO;
				CLANG_ANALYZER_NONNULL = YES;
				CLANG_CXX_LANGUAGE_STANDARD = "gnu++0x";
				CLANG_CXX_LIBRARY = "libc++";
				CLANG_ENABLE_MODULES = YES;
				CLANG_ENABLE_OBJC_ARC = YES;
				CLANG_WARN_BOOL_CONVERSION = YES;
				CLANG_WARN_CONSTANT_CONVERSION = YES;
				CLANG_WARN_DIRECT_OBJC_ISA_USAGE = YES_ERROR;
				CLANG_WARN_EMPTY_BODY = YES;
				CLANG_WARN_ENUM_CONVERSION = YES;
				CLANG_WARN_INT_CONVERSION = YES;
				CLANG_WARN_OBJC_ROOT_CLASS = YES_ERROR;
				CLANG_WARN_UNREACHABLE_CODE = YES;
				CLANG_WARN__DUPLICATE_METHOD_MATCH = YES;
				CODE_SIGN_IDENTITY = "-";
				COPY_PHASE_STRIP = NO;
				DEBUG_INFORMATION_FORMAT = dwarf;
				ENABLE_STRICT_OBJC_MSGSEND = YES;
				ENABLE_TESTABILITY = YES;
				GCC_C_LANGUAGE_STANDARD = gnu99;
				GCC_DYNAMIC_NO_PIC = NO;
				GCC_NO_COMMON_BLOCKS = YES;
				GCC_OPTIMIZATION_LEVEL = 0;
				GCC_PREPROCESSOR_DEFINITIONS = (
					"DEBUG=1",
					"$(inherited)",
				);
				GCC_WARN_64_TO_32_BIT_CONVERSION = YES;
				GCC_WARN_ABOUT_RETURN_TYPE = YES_ERROR;
				GCC_WARN_UNDECLARED_SELECTOR = YES;
				GCC_WARN_UNINITIALIZED_AUTOS = YES_AGGRESSIVE;
				GCC_WARN_UNUSED_FUNCTION = YES;
				GCC_WARN_UNUSED_VARIABLE = YES;
				MACOSX_DEPLOYMENT_TARGET = 10.11;
				MTL_ENABLE_DEBUG_INFO = YES;
				ONLY_ACTIVE_ARCH = YES;
				SDKROOT = macosx;
				SWIFT_OPTIMIZATION_LEVEL = "-Onone";
			};
			name = Debug;
		};
		D481D3EB1D893B4400B8523F /* Release */ = {
			isa = XCBuildConfiguration;
			buildSettings = {
				ALWAYS_SEARCH_USER_PATHS = NO;
				CLANG_ANALYZER_NONNULL = YES;
				CLANG_CXX_LANGUAGE_STANDARD = "gnu++0x";
				CLANG_CXX_LIBRARY = "libc++";
				CLANG_ENABLE_MODULES = YES;
				CLANG_ENABLE_OBJC_ARC = YES;
				CLANG_WARN_BOOL_CONVERSION = YES;
				CLANG_WARN_CONSTANT_CONVERSION = YES;
				CLANG_WARN_DIRECT_OBJC_ISA_USAGE = YES_ERROR;
				CLANG_WARN_EMPTY_BODY = YES;
				CLANG_WARN_ENUM_CONVERSION = YES;
				CLANG_WARN_INT_CONVERSION = YES;
				CLANG_WARN_OBJC_ROOT_CLASS = YES_ERROR;
				CLANG_WARN_UNREACHABLE_CODE = YES;
				CLANG_WARN__DUPLICATE_METHOD_MATCH = YES;
				CODE_SIGN_IDENTITY = "-";
				COPY_PHASE_STRIP = NO;
				DEBUG_INFORMATION_FORMAT = "dwarf-with-dsym";
				ENABLE_NS_ASSERTIONS = NO;
				ENABLE_STRICT_OBJC_MSGSEND = YES;
				GCC_C_LANGUAGE_STANDARD = gnu99;
				GCC_NO_COMMON_BLOCKS = YES;
				GCC_WARN_64_TO_32_BIT_CONVERSION = YES;
				GCC_WARN_ABOUT_RETURN_TYPE = YES_ERROR;
				GCC_WARN_UNDECLARED_SELECTOR = YES;
				GCC_WARN_UNINITIALIZED_AUTOS = YES_AGGRESSIVE;
				GCC_WARN_UNUSED_FUNCTION = YES;
				GCC_WARN_UNUSED_VARIABLE = YES;
				MACOSX_DEPLOYMENT_TARGET = 10.11;
				MTL_ENABLE_DEBUG_INFO = NO;
				SDKROOT = macosx;
			};
			name = Release;
		};
		D481D3ED1D893B4400B8523F /* Debug */ = {
			isa = XCBuildConfiguration;
			buildSettings = {
				ASSETCATALOG_COMPILER_APPICON_NAME = AppIcon;
				COMBINE_HIDPI_IMAGES = YES;
				INFOPLIST_FILE = deploymentMonster/Info.plist;
				LD_RUNPATH_SEARCH_PATHS = "$(inherited) @executable_path/../Frameworks";
				PRODUCT_BUNDLE_IDENTIFIER = com.tooltwist.deploymentMonster;
				PRODUCT_NAME = "$(TARGET_NAME)";
			};
			name = Debug;
		};
		D481D3EE1D893B4400B8523F /* Release */ = {
			isa = XCBuildConfiguration;
			buildSettings = {
				ASSETCATALOG_COMPILER_APPICON_NAME = AppIcon;
				COMBINE_HIDPI_IMAGES = YES;
				INFOPLIST_FILE = deploymentMonster/Info.plist;
				LD_RUNPATH_SEARCH_PATHS = "$(inherited) @executable_path/../Frameworks";
				PRODUCT_BUNDLE_IDENTIFIER = com.tooltwist.deploymentMonster;
				PRODUCT_NAME = "$(TARGET_NAME)";
			};
			name = Release;
		};
/* End XCBuildConfiguration section */

/* Begin XCConfigurationList section */
		D481D3D81D893B4400B8523F /* Build configuration list for PBXProject "deploymentMonster" */ = {
			isa = XCConfigurationList;
			buildConfigurations = (
				D481D3EA1D893B4400B8523F /* Debug */,
				D481D3EB1D893B4400B8523F /* Release */,
			);
			defaultConfigurationIsVisible = 0;
			defaultConfigurationName = Release;
		};
		D481D3EC1D893B4400B8523F /* Build configuration list for PBXNativeTarget "deploymentMonster" */ = {
			isa = XCConfigurationList;
			buildConfigurations = (
				D481D3ED1D893B4400B8523F /* Debug */,
				D481D3EE1D893B4400B8523F /* Release */,
			);
			defaultConfigurationIsVisible = 0;
			defaultConfigurationName = Release;
		};
/* End XCConfigurationList section */
	};
	rootObject = D481D3D51D893B4400B8523F /* Project object */;
}
